
Microsoft Visual Studio Solution File, Format Version 12.00
# Visual Studio Version 17
VisualStudioVersion = 17.5.002.0
MinimumVisualStudioVersion = 10.0.40219.1
Project("{9A19103F-16F7-4668-BE54-9A1E7A4F7556}") = "airtek-assessment", "airtek-assessment.csproj", "{1BB84BA6-627B-4CD8-A94C-D85F17949EA9}"
EndProject
Global
	GlobalSection(SolutionConfigurationPlatforms) = preSolution
		Debug|Any CPU = Debug|Any CPU
		Release|Any CPU = Release|Any CPU
	EndGlobalSection
	GlobalSection(ProjectConfigurationPlatforms) = postSolution
		{1BB84BA6-627B-4CD8-A94C-D85F17949EA9}.Debug|Any CPU.ActiveCfg = Debug|Any CPU
		{1BB84BA6-627B-4CD8-A94C-D85F17949EA9}.Debug|Any CPU.Build.0 = Debug|Any CPU
		{1BB84BA6-627B-4CD8-A94C-D85F17949EA9}.Release|Any CPU.ActiveCfg = Release|Any CPU
		{1BB84BA6-627B-4CD8-A94C-D85F17949EA9}.Release|Any CPU.Build.0 = Release|Any CPU
	EndGlobalSection
	GlobalSection(SolutionProperties) = preSolution
		HideSolutionNode = FALSE
	EndGlobalSection
	GlobalSection(ExtensibilityGlobals) = postSolution
		SolutionGuid = {E7C14CAA-5255-4D80-9003-33569183A4C8}
	EndGlobalSection
EndGlobal
